
Microsoft Visual Studio Solution File, Format Version 12.00
# Visual Studio 15
VisualStudioVersion = 15.0.28010.0
MinimumVisualStudioVersion = 10.0.40219.1
Project("{FAE04EC0-301F-11D3-BF4B-00C04F79EFBC}") = "Interface", "Interface\Interface.csproj", "{8DCBF9AC-D7AD-4014-B3CD-772E7AB5674E}"
EndProject
Project("{FAE04EC0-301F-11D3-BF4B-00C04F79EFBC}") = "Middleware", "Middleware\Middleware.csproj", "{2D0C0B42-D81F-4AD7-82BE-E7B725164AF6}"
EndProject
Global
	GlobalSection(SolutionConfigurationPlatforms) = preSolution
		Debug|Any CPU = Debug|Any CPU
		Release|Any CPU = Release|Any CPU
	EndGlobalSection
	GlobalSection(ProjectConfigurationPlatforms) = postSolution
		{8DCBF9AC-D7AD-4014-B3CD-772E7AB5674E}.Debug|Any CPU.ActiveCfg = Debug|Any CPU
		{8DCBF9AC-D7AD-4014-B3CD-772E7AB5674E}.Debug|Any CPU.Build.0 = Debug|Any CPU
		{8DCBF9AC-D7AD-4014-B3CD-772E7AB5674E}.Release|Any CPU.ActiveCfg = Release|Any CPU
		{8DCBF9AC-D7AD-4014-B3CD-772E7AB5674E}.Release|Any CPU.Build.0 = Release|Any CPU
		{2D0C0B42-D81F-4AD7-82BE-E7B725164AF6}.Debug|Any CPU.ActiveCfg = Debug|Any CPU
		{2D0C0B42-D81F-4AD7-82BE-E7B725164AF6}.Debug|Any CPU.Build.0 = Debug|Any CPU
		{2D0C0B42-D81F-4AD7-82BE-E7B725164AF6}.Release|Any CPU.ActiveCfg = Release|Any CPU
		{2D0C0B42-D81F-4AD7-82BE-E7B725164AF6}.Release|Any CPU.Build.0 = Release|Any CPU
	EndGlobalSection
	GlobalSection(SolutionProperties) = preSolution
		HideSolutionNode = FALSE
	EndGlobalSection
	GlobalSection(ExtensibilityGlobals) = postSolution
		SolutionGuid = {E7B9C755-26E5-49BB-88EE-7DA99F8B004C}
	EndGlobalSection
EndGlobal
